
Microsoft Visual Studio Solution File, Format Version 12.00
# Visual Studio 15
VisualStudioVersion = 15.0.28010.2041
MinimumVisualStudioVersion = 10.0.40219.1
Project("{FAE04EC0-301F-11D3-BF4B-00C04F79EFBC}") = "Pro_ASP.NET_MVC_5_PLATFORM_A.Freeman_V1.0.4", "Pro_ASP.NET_MVC_5_PLATFORM_A.Freeman_V1.0.4\Pro_ASP.NET_MVC_5_PLATFORM_A.Freeman_V1.0.4.csproj", "{0AE31A05-C579-4F74-B365-D1F7E173D006}"
EndProject
Project("{FAE04EC0-301F-11D3-BF4B-00C04F79EFBC}") = "Pro_ASP.NET_MVC_5_PLATFORM_A.Freeman_V1.0.4.Tests", "Pro_ASP.NET_MVC_5_PLATFORM_A.Freeman_V1.0.4.Tests\Pro_ASP.NET_MVC_5_PLATFORM_A.Freeman_V1.0.4.Tests.csproj", "{EC1F0581-31C7-4E4A-B3D3-382B1FC020E0}"
EndProject
Global
	GlobalSection(SolutionConfigurationPlatforms) = preSolution
		Debug|Any CPU = Debug|Any CPU
		Release|Any CPU = Release|Any CPU
	EndGlobalSection
	GlobalSection(ProjectConfigurationPlatforms) = postSolution
		{0AE31A05-C579-4F74-B365-D1F7E173D006}.Debug|Any CPU.ActiveCfg = Debug|Any CPU
		{0AE31A05-C579-4F74-B365-D1F7E173D006}.Debug|Any CPU.Build.0 = Debug|Any CPU
		{0AE31A05-C579-4F74-B365-D1F7E173D006}.Release|Any CPU.ActiveCfg = Release|Any CPU
		{0AE31A05-C579-4F74-B365-D1F7E173D006}.Release|Any CPU.Build.0 = Release|Any CPU
		{EC1F0581-31C7-4E4A-B3D3-382B1FC020E0}.Debug|Any CPU.ActiveCfg = Debug|Any CPU
		{EC1F0581-31C7-4E4A-B3D3-382B1FC020E0}.Debug|Any CPU.Build.0 = Debug|Any CPU
		{EC1F0581-31C7-4E4A-B3D3-382B1FC020E0}.Release|Any CPU.ActiveCfg = Release|Any CPU
		{EC1F0581-31C7-4E4A-B3D3-382B1FC020E0}.Release|Any CPU.Build.0 = Release|Any CPU
	EndGlobalSection
	GlobalSection(SolutionProperties) = preSolution
		HideSolutionNode = FALSE
	EndGlobalSection
	GlobalSection(ExtensibilityGlobals) = postSolution
		SolutionGuid = {D822F561-56D2-4C11-894C-56BD797EB0CA}
	EndGlobalSection
EndGlobal
